// !$*UTF8*$!
{
	archiveVersion = 1;
	classes = {
	};
	objectVersion = 55;
	objects = {

/* Begin PBXBuildFile section */
		1501CA2F28A8064F00838172 /* AppDelegate.swift in Sources */ = {isa = PBXBuildFile; fileRef = 1501CA2E28A8064F00838172 /* AppDelegate.swift */; };
		1501CA3128A8064F00838172 /* SceneDelegate.swift in Sources */ = {isa = PBXBuildFile; fileRef = 1501CA3028A8064F00838172 /* SceneDelegate.swift */; };
		1501CA3328A8064F00838172 /* CategoriesVC.swift in Sources */ = {isa = PBXBuildFile; fileRef = 1501CA3228A8064F00838172 /* CategoriesVC.swift */; };
		1501CA3628A8064F00838172 /* Main.storyboard in Resources */ = {isa = PBXBuildFile; fileRef = 1501CA3428A8064F00838172 /* Main.storyboard */; };
		1501CA3828A8065100838172 /* Assets.xcassets in Resources */ = {isa = PBXBuildFile; fileRef = 1501CA3728A8065100838172 /* Assets.xcassets */; };
		1501CA3B28A8065100838172 /* LaunchScreen.storyboard in Resources */ = {isa = PBXBuildFile; fileRef = 1501CA3928A8065100838172 /* LaunchScreen.storyboard */; };
		1504C6CB28ABCC1D00141A3A /* CategoryCell.swift in Sources */ = {isa = PBXBuildFile; fileRef = 1504C6CA28ABCC1D00141A3A /* CategoryCell.swift */; };
		1504C6CD28ABD0E400141A3A /* Category.swift in Sources */ = {isa = PBXBuildFile; fileRef = 1504C6CC28ABD0E400141A3A /* Category.swift */; };
		1504C6D028ABD3AE00141A3A /* DataService.swift in Sources */ = {isa = PBXBuildFile; fileRef = 1504C6CF28ABD3AE00141A3A /* DataService.swift */; };
		1504C6D228ABD3E700141A3A /* Product.swift in Sources */ = {isa = PBXBuildFile; fileRef = 1504C6D128ABD3E700141A3A /* Product.swift */; };
		1504C6D628ABE52400141A3A /* ProductCell.swift in Sources */ = {isa = PBXBuildFile; fileRef = 1504C6D528ABE52400141A3A /* ProductCell.swift */; };
/* End PBXBuildFile section */

/* Begin PBXFileReference section */
		1501CA2B28A8064F00838172 /* coder-swag.app */ = {isa = PBXFileReference; explicitFileType = wrapper.application; includeInIndex = 0; path = "coder-swag.app"; sourceTree = BUILT_PRODUCTS_DIR; };
		1501CA2E28A8064F00838172 /* AppDelegate.swift */ = {isa = PBXFileReference; lastKnownFileType = sourcecode.swift; path = AppDelegate.swift; sourceTree = "<group>"; };
		1501CA3028A8064F00838172 /* SceneDelegate.swift */ = {isa = PBXFileReference; lastKnownFileType = sourcecode.swift; path = SceneDelegate.swift; sourceTree = "<group>"; };
		1501CA3228A8064F00838172 /* CategoriesVC.swift */ = {isa = PBXFileReference; lastKnownFileType = sourcecode.swift; path = CategoriesVC.swift; sourceTree = "<group>"; };
		1501CA3528A8064F00838172 /* Base */ = {isa = PBXFileReference; lastKnownFileType = file.storyboard; name = Base; path = Base.lproj/Main.storyboard; sourceTree = "<group>"; };
		1501CA3728A8065100838172 /* Assets.xcassets */ = {isa = PBXFileReference; lastKnownFileType = folder.assetcatalog; path = Assets.xcassets; sourceTree = "<group>"; };
		1501CA3A28A8065100838172 /* Base */ = {isa = PBXFileReference; lastKnownFileType = file.storyboard; name = Base; path = Base.lproj/LaunchScreen.storyboard; sourceTree = "<group>"; };
		1501CA3C28A8065100838172 /* Info.plist */ = {isa = PBXFileReference; lastKnownFileType = text.plist.xml; path = Info.plist; sourceTree = "<group>"; };
		1504C6CA28ABCC1D00141A3A /* CategoryCell.swift */ = {isa = PBXFileReference; lastKnownFileType = sourcecode.swift; path = CategoryCell.swift; sourceTree = "<group>"; };
		1504C6CC28ABD0E400141A3A /* Category.swift */ = {isa = PBXFileReference; lastKnownFileType = sourcecode.swift; path = Category.swift; sourceTree = "<group>"; };
		1504C6CF28ABD3AE00141A3A /* DataService.swift */ = {isa = PBXFileReference; lastKnownFileType = sourcecode.swift; path = DataService.swift; sourceTree = "<group>"; };
		1504C6D128ABD3E700141A3A /* Product.swift */ = {isa = PBXFileReference; lastKnownFileType = sourcecode.swift; path = Product.swift; sourceTree = "<group>"; };
		1504C6D528ABE52400141A3A /* ProductCell.swift */ = {isa = PBXFileReference; lastKnownFileType = sourcecode.swift; path = ProductCell.swift; sourceTree = "<group>"; };
/* End PBXFileReference section */

/* Begin PBXFrameworksBuildPhase section */
		1501CA2828A8064F00838172 /* Frameworks */ = {
			isa = PBXFrameworksBuildPhase;
			buildActionMask = 2147483647;
			files = (
			);
			runOnlyForDeploymentPostprocessing = 0;
		};
/* End PBXFrameworksBuildPhase section */

/* Begin PBXGroup section */
		1501CA2228A8064F00838172 = {
			isa = PBXGroup;
			children = (
				1501CA2D28A8064F00838172 /* coder-swag */,
				1501CA2C28A8064F00838172 /* Products */,
			);
			sourceTree = "<group>";
		};
		1501CA2C28A8064F00838172 /* Products */ = {
			isa = PBXGroup;
			children = (
				1501CA2B28A8064F00838172 /* coder-swag.app */,
			);
			name = Products;
			sourceTree = "<group>";
		};
		1501CA2D28A8064F00838172 /* coder-swag */ = {
			isa = PBXGroup;
			children = (
				1504C6CE28ABD39E00141A3A /* Services */,
				1504C6C928ABCBBA00141A3A /* View */,
				1504C6C828ABCBB000141A3A /* Model */,
				1504C6C728ABCBA800141A3A /* Controller */,
				1501CA2E28A8064F00838172 /* AppDelegate.swift */,
				1501CA3028A8064F00838172 /* SceneDelegate.swift */,
				1501CA3428A8064F00838172 /* Main.storyboard */,
				1501CA3728A8065100838172 /* Assets.xcassets */,
				1501CA3928A8065100838172 /* LaunchScreen.storyboard */,
				1501CA3C28A8065100838172 /* Info.plist */,
			);
			path = "coder-swag";
			sourceTree = "<group>";
		};
		1504C6C728ABCBA800141A3A /* Controller */ = {
			isa = PBXGroup;
			children = (
				1501CA3228A8064F00838172 /* CategoriesVC.swift */,
			);
			path = Controller;
			sourceTree = "<group>";
		};
		1504C6C828ABCBB000141A3A /* Model */ = {
			isa = PBXGroup;
			children = (
				1504C6CC28ABD0E400141A3A /* Category.swift */,
				1504C6D128ABD3E700141A3A /* Product.swift */,
			);
			path = Model;
			sourceTree = "<group>";
		};
		1504C6C928ABCBBA00141A3A /* View */ = {
			isa = PBXGroup;
			children = (
				1504C6CA28ABCC1D00141A3A /* CategoryCell.swift */,
				1504C6D528ABE52400141A3A /* ProductCell.swift */,
			);
			path = View;
			sourceTree = "<group>";
		};
		1504C6CE28ABD39E00141A3A /* Services */ = {
			isa = PBXGroup;
			children = (
				1504C6CF28ABD3AE00141A3A /* DataService.swift */,
			);
			path = Services;
			sourceTree = "<group>";
		};
/* End PBXGroup section */

/* Begin PBXNativeTarget section */
		1501CA2A28A8064F00838172 /* coder-swag */ = {
			isa = PBXNativeTarget;
			buildConfigurationList = 1501CA3F28A8065100838172 /* Build configuration list for PBXNativeTarget "coder-swag" */;
			buildPhases = (
				1501CA2728A8064F00838172 /* Sources */,
				1501CA2828A8064F00838172 /* Frameworks */,
				1501CA2928A8064F00838172 /* Resources */,
			);
			buildRules = (
			);
			dependencies = (
			);
			name = "coder-swag";
			productName = "coder-swag";
			productReference = 1501CA2B28A8064F00838172 /* coder-swag.app */;
			productType = "com.apple.product-type.application";
		};
/* End PBXNativeTarget section */

/* Begin PBXProject section */
		1501CA2328A8064F00838172 /* Project object */ = {
			isa = PBXProject;
			attributes = {
				BuildIndependentTargetsInParallel = 1;
				LastSwiftUpdateCheck = 1340;
				LastUpgradeCheck = 1340;
				TargetAttributes = {
					1501CA2A28A8064F00838172 = {
						CreatedOnToolsVersion = 13.4.1;
					};
				};
			};
			buildConfigurationList = 1501CA2628A8064F00838172 /* Build configuration list for PBXProject "coder-swag" */;
			compatibilityVersion = "Xcode 13.0";
			developmentRegion = en;
			hasScannedForEncodings = 0;
			knownRegions = (
				en,
				Base,
			);
			mainGroup = 1501CA2228A8064F00838172;
			productRefGroup = 1501CA2C28A8064F00838172 /* Products */;
			projectDirPath = "";
			projectRoot = "";
			targets = (
				1501CA2A28A8064F00838172 /* coder-swag */,
			);
		};
/* End PBXProject section */

/* Begin PBXResourcesBuildPhase section */
		1501CA2928A8064F00838172 /* Resources */ = {
			isa = PBXResourcesBuildPhase;
			buildActionMask = 2147483647;
			files = (
				1501CA3B28A8065100838172 /* LaunchScreen.storyboard in Resources */,
				1501CA3828A8065100838172 /* Assets.xcassets in Resources */,
				1501CA3628A8064F00838172 /* Main.storyboard in Resources */,
			);
			runOnlyForDeploymentPostprocessing = 0;
		};
/* End PBXResourcesBuildPhase section */

/* Begin PBXSourcesBuildPhase section */
		1501CA2728A8064F00838172 /* Sources */ = {
			isa = PBXSourcesBuildPhase;
			buildActionMask = 2147483647;
			files = (
				1501CA3328A8064F00838172 /* CategoriesVC.swift in Sources */,
				1504C6CD28ABD0E400141A3A /* Category.swift in Sources */,
				1501CA2F28A8064F00838172 /* AppDelegate.swift in Sources */,
				1504C6D028ABD3AE00141A3A /* DataService.swift in Sources */,
				1501CA3128A8064F00838172 /* SceneDelegate.swift in Sources */,
				1504C6D628ABE52400141A3A /* ProductCell.swift in Sources */,
				1504C6CB28ABCC1D00141A3A /* CategoryCell.swift in Sources */,
				1504C6D228ABD3E700141A3A /* Product.swift in Sources */,
			);
			runOnlyForDeploymentPostprocessing = 0;
		};
/* End PBXSourcesBuildPhase section */

/* Begin PBXVariantGroup section */
		1501CA3428A8064F00838172 /* Main.storyboard */ = {
			isa = PBXVariantGroup;
			children = (
				1501CA3528A8064F00838172 /* Base */,
			);
			name = Main.storyboard;
			sourceTree = "<group>";
		};
		1501CA3928A8065100838172 /* LaunchScreen.storyboard */ = {
			isa = PBXVariantGroup;
			children = (
				1501CA3A28A8065100838172 /* Base */,
			);
			name = LaunchScreen.storyboard;
			sourceTree = "<group>";
		};
/* End PBXVariantGroup section */

/* Begin XCBuildConfiguration section */
		1501CA3D28A8065100838172 /* Debug */ = {
			isa = XCBuildConfiguration;
			buildSettings = {
				ALWAYS_SEARCH_USER_PATHS = NO;
				CLANG_ANALYZER_NONNULL = YES;
				CLANG_ANALYZER_NUMBER_OBJECT_CONVERSION = YES_AGGRESSIVE;
				CLANG_CXX_LANGUAGE_STANDARD = "gnu++17";
				CLANG_ENABLE_MODULES = YES;
				CLANG_ENABLE_OBJC_ARC = YES;
				CLANG_ENABLE_OBJC_WEAK = YES;
				CLANG_WARN_BLOCK_CAPTURE_AUTORELEASING = YES;
				CLANG_WARN_BOOL_CONVERSION = YES;
				CLANG_WARN_COMMA = YES;
				CLANG_WARN_CONSTANT_CONVERSION = YES;
				CLANG_WARN_DEPRECATED_OBJC_IMPLEMENTATIONS = YES;
				CLANG_WARN_DIRECT_OBJC_ISA_USAGE = YES_ERROR;
				CLANG_WARN_DOCUMENTATION_COMMENTS = YES;
				CLANG_WARN_EMPTY_BODY = YES;
				CLANG_WARN_ENUM_CONVERSION = YES;
				CLANG_WARN_INFINITE_RECURSION = YES;
				CLANG_WARN_INT_CONVERSION = YES;
				CLANG_WARN_NON_LITERAL_NULL_CONVERSION = YES;
				CLANG_WARN_OBJC_IMPLICIT_RETAIN_SELF = YES;
				CLANG_WARN_OBJC_LITERAL_CONVERSION = YES;
				CLANG_WARN_OBJC_ROOT_CLASS = YES_ERROR;
				CLANG_WARN_QUOTED_INCLUDE_IN_FRAMEWORK_HEADER = YES;
				CLANG_WARN_RANGE_LOOP_ANALYSIS = YES;
				CLANG_WARN_STRICT_PROTOTYPES = YES;
				CLANG_WARN_SUSPICIOUS_MOVE = YES;
				CLANG_WARN_UNGUARDED_AVAILABILITY = YES_AGGRESSIVE;
				CLANG_WARN_UNREACHABLE_CODE = YES;
				CLANG_WARN__DUPLICATE_METHOD_MATCH = YES;
				COPY_PHASE_STRIP = NO;
				DEBUG_INFORMATION_FORMAT = dwarf;
				ENABLE_STRICT_OBJC_MSGSEND = YES;
				ENABLE_TESTABILITY = YES;
				GCC_C_LANGUAGE_STANDARD = gnu11;
				GCC_DYNAMIC_NO_PIC = NO;
				GCC_NO_COMMON_BLOCKS = YES;
				GCC_OPTIMIZATION_LEVEL = 0;
				GCC_PREPROCESSOR_DEFINITIONS = (
					"DEBUG=1",
					"$(inherited)",
				);
				GCC_WARN_64_TO_32_BIT_CONVERSION = YES;
				GCC_WARN_ABOUT_RETURN_TYPE = YES_ERROR;
				GCC_WARN_UNDECLARED_SELECTOR = YES;
				GCC_WARN_UNINITIALIZED_AUTOS = YES_AGGRESSIVE;
				GCC_WARN_UNUSED_FUNCTION = YES;
				GCC_WARN_UNUSED_VARIABLE = YES;
				IPHONEOS_DEPLOYMENT_TARGET = 15.5;
				MTL_ENABLE_DEBUG_INFO = INCLUDE_SOURCE;
				MTL_FAST_MATH = YES;
				ONLY_ACTIVE_ARCH = YES;
				SDKROOT = iphoneos;
				SWIFT_ACTIVE_COMPILATION_CONDITIONS = DEBUG;
				SWIFT_OPTIMIZATION_LEVEL = "-Onone";
			};
			name = Debug;
		};
		1501CA3E28A8065100838172 /* Release */ = {
			isa = XCBuildConfiguration;
			buildSettings = {
				ALWAYS_SEARCH_USER_PATHS = NO;
				CLANG_ANALYZER_NONNULL = YES;
				CLANG_ANALYZER_NUMBER_OBJECT_CONVERSION = YES_AGGRESSIVE;
				CLANG_CXX_LANGUAGE_STANDARD = "gnu++17";
				CLANG_ENABLE_MODULES = YES;
				CLANG_ENABLE_OBJC_ARC = YES;
				CLANG_ENABLE_OBJC_WEAK = YES;
				CLANG_WARN_BLOCK_CAPTURE_AUTORELEASING = YES;
				CLANG_WARN_BOOL_CONVERSION = YES;
				CLANG_WARN_COMMA = YES;
				CLANG_WARN_CONSTANT_CONVERSION = YES;
				CLANG_WARN_DEPRECATED_OBJC_IMPLEMENTATIONS = YES;
				CLANG_WARN_DIRECT_OBJC_ISA_USAGE = YES_ERROR;
				CLANG_WARN_DOCUMENTATION_COMMENTS = YES;
				CLANG_WARN_EMPTY_BODY = YES;
				CLANG_WARN_ENUM_CONVERSION = YES;
				CLANG_WARN_INFINITE_RECURSION = YES;
				CLANG_WARN_INT_CONVERSION = YES;
				CLANG_WARN_NON_LITERAL_NULL_CONVERSION = YES;
				CLANG_WARN_OBJC_IMPLICIT_RETAIN_SELF = YES;
				CLANG_WARN_OBJC_LITERAL_CONVERSION = YES;
				CLANG_WARN_OBJC_ROOT_CLASS = YES_ERROR;
				CLANG_WARN_QUOTED_INCLUDE_IN_FRAMEWORK_HEADER = YES;
				CLANG_WARN_RANGE_LOOP_ANALYSIS = YES;
				CLANG_WARN_STRICT_PROTOTYPES = YES;
				CLANG_WARN_SUSPICIOUS_MOVE = YES;
				CLANG_WARN_UNGUARDED_AVAILABILITY = YES_AGGRESSIVE;
				CLANG_WARN_UNREACHABLE_CODE = YES;
				CLANG_WARN__DUPLICATE_METHOD_MATCH = YES;
				COPY_PHASE_STRIP = NO;
				DEBUG_INFORMATION_FORMAT = "dwarf-with-dsym";
				ENABLE_NS_ASSERTIONS = NO;
				ENABLE_STRICT_OBJC_MSGSEND = YES;
				GCC_C_LANGUAGE_STANDARD = gnu11;
				GCC_NO_COMMON_BLOCKS = YES;
				GCC_WARN_64_TO_32_BIT_CONVERSION = YES;
				GCC_WARN_ABOUT_RETURN_TYPE = YES_ERROR;
				GCC_WARN_UNDECLARED_SELECTOR = YES;
				GCC_WARN_UNINITIALIZED_AUTOS = YES_AGGRESSIVE;
				GCC_WARN_UNUSED_FUNCTION = YES;
				GCC_WARN_UNUSED_VARIABLE = YES;
				IPHONEOS_DEPLOYMENT_TARGET = 15.5;
				MTL_ENABLE_DEBUG_INFO = NO;
				MTL_FAST_MATH = YES;
				SDKROOT = iphoneos;
				SWIFT_COMPILATION_MODE = wholemodule;
				SWIFT_OPTIMIZATION_LEVEL = "-O";
				VALIDATE_PRODUCT = YES;
			};
			name = Release;
		};
		1501CA4028A8065100838172 /* Debug */ = {
			isa = XCBuildConfiguration;
			buildSettings = {
				ASSETCATALOG_COMPILER_APPICON_NAME = AppIcon;
				ASSETCATALOG_COMPILER_GLOBAL_ACCENT_COLOR_NAME = AccentColor;
				CODE_SIGN_STYLE = Automatic;
				CURRENT_PROJECT_VERSION = 1;
				GENERATE_INFOPLIST_FILE = YES;
				INFOPLIST_FILE = "coder-swag/Info.plist";
				INFOPLIST_KEY_UIApplicationSupportsIndirectInputEvents = YES;
				INFOPLIST_KEY_UILaunchStoryboardName = LaunchScreen;
				INFOPLIST_KEY_UIMainStoryboardFile = Main;
				INFOPLIST_KEY_UISupportedInterfaceOrientations_iPad = "UIInterfaceOrientationPortrait UIInterfaceOrientationPortraitUpsideDown UIInterfaceOrientationLandscapeLeft UIInterfaceOrientationLandscapeRight";
				INFOPLIST_KEY_UISupportedInterfaceOrientations_iPhone = "UIInterfaceOrientationPortrait UIInterfaceOrientationLandscapeLeft UIInterfaceOrientationLandscapeRight";
				LD_RUNPATH_SEARCH_PATHS = (
					"$(inherited)",
					"@executable_path/Frameworks",
				);
				MARKETING_VERSION = 1.0;
				PRODUCT_BUNDLE_IDENTIFIER = "com.hovs.coder-swag";
				PRODUCT_NAME = "$(TARGET_NAME)";
				SWIFT_EMIT_LOC_STRINGS = YES;
				SWIFT_VERSION = 5.0;
				TARGETED_DEVICE_FAMILY = "1,2";
			};
			name = Debug;
		};
		1501CA4128A8065100838172 /* Release */ = {
			isa = XCBuildConfiguration;
			buildSettings = {
				ASSETCATALOG_COMPILER_APPICON_NAME = AppIcon;
				ASSETCATALOG_COMPILER_GLOBAL_ACCENT_COLOR_NAME = AccentColor;
				CODE_SIGN_STYLE = Automatic;
				CURRENT_PROJECT_VERSION = 1;
				GENERATE_INFOPLIST_FILE = YES;
				INFOPLIST_FILE = "coder-swag/Info.plist";
				INFOPLIST_KEY_UIApplicationSupportsIndirectInputEvents = YES;
				INFOPLIST_KEY_UILaunchStoryboardName = LaunchScreen;
				INFOPLIST_KEY_UIMainStoryboardFile = Main;
				INFOPLIST_KEY_UISupportedInterfaceOrientations_iPad = "UIInterfaceOrientationPortrait UIInterfaceOrientationPortraitUpsideDown UIInterfaceOrientationLandscapeLeft UIInterfaceOrientationLandscapeRight";
				INFOPLIST_KEY_UISupportedInterfaceOrientations_iPhone = "UIInterfaceOrientationPortrait UIInterfaceOrientationLandscapeLeft UIInterfaceOrientationLandscapeRight";
				LD_RUNPATH_SEARCH_PATHS = (
					"$(inherited)",
					"@executable_path/Frameworks",
				);
				MARKETING_VERSION = 1.0;
				PRODUCT_BUNDLE_IDENTIFIER = "com.hovs.coder-swag";
				PRODUCT_NAME = "$(TARGET_NAME)";
				SWIFT_EMIT_LOC_STRINGS = YES;
				SWIFT_VERSION = 5.0;
				TARGETED_DEVICE_FAMILY = "1,2";
			};
			name = Release;
		};
/* End XCBuildConfiguration section */

/* Begin XCConfigurationList section */
		1501CA2628A8064F00838172 /* Build configuration list for PBXProject "coder-swag" */ = {
			isa = XCConfigurationList;
			buildConfigurations = (
				1501CA3D28A8065100838172 /* Debug */,
				1501CA3E28A8065100838172 /* Release */,
			);
			defaultConfigurationIsVisible = 0;
			defaultConfigurationName = Release;
		};
		1501CA3F28A8065100838172 /* Build configuration list for PBXNativeTarget "coder-swag" */ = {
			isa = XCConfigurationList;
			buildConfigurations = (
				1501CA4028A8065100838172 /* Debug */,
				1501CA4128A8065100838172 /* Release */,
			);
			defaultConfigurationIsVisible = 0;
			defaultConfigurationName = Release;
		};
/* End XCConfigurationList section */
	};
	rootObject = 1501CA2328A8064F00838172 /* Project object */;
}
